
Microsoft Visual Studio Solution File, Format Version 12.00
# Visual Studio Version 17
VisualStudioVersion = 17.0.31919.166
MinimumVisualStudioVersion = 10.0.40219.1
Project("{9A19103F-16F7-4668-BE54-9A1E7A4F7556}") = "WebApiMyLib", "WebApiMyLib\WebApiMyLib.csproj", "{11D3132E-831E-4171-B813-650D64DE3CBD}"
	ProjectSection(ProjectDependencies) = postProject
		{7B8C272B-1D06-4079-B8F7-E06331C095A8} = {7B8C272B-1D06-4079-B8F7-E06331C095A8}
	EndProjectSection
EndProject
Project("{FAE04EC0-301F-11D3-BF4B-00C04F79EFBC}") = "WebApiMyLib.BLL", "WebApiMyLib.BLL\WebApiMyLib.BLL.csproj", "{59E6796E-A025-476C-965E-F65F55EDC83F}"
Project("{9A19103F-16F7-4668-BE54-9A1E7A4F7556}") = "WebApiMyLib.Data", "WebApiMyLib.Data.Model\WebApiMyLib.Data.csproj", "{7B8C272B-1D06-4079-B8F7-E06331C095A8}"
EndProject
Project("{54A90642-561A-4BB1-A94E-469ADEE60C69}") = "ClientApp", "ClientApp\ClientApp.esproj", "{E3959814-C50A-485F-8B33-55FF70A667CF}"
EndProject
Global
	GlobalSection(SolutionConfigurationPlatforms) = preSolution
		Debug|Any CPU = Debug|Any CPU
		Release|Any CPU = Release|Any CPU
	EndGlobalSection
	GlobalSection(ProjectConfigurationPlatforms) = postSolution
		{11D3132E-831E-4171-B813-650D64DE3CBD}.Debug|Any CPU.ActiveCfg = Debug|Any CPU
		{11D3132E-831E-4171-B813-650D64DE3CBD}.Debug|Any CPU.Build.0 = Debug|Any CPU
		{11D3132E-831E-4171-B813-650D64DE3CBD}.Release|Any CPU.ActiveCfg = Release|Any CPU
		{11D3132E-831E-4171-B813-650D64DE3CBD}.Release|Any CPU.Build.0 = Release|Any CPU
		{7B8C272B-1D06-4079-B8F7-E06331C095A8}.Debug|Any CPU.ActiveCfg = Debug|Any CPU
		{7B8C272B-1D06-4079-B8F7-E06331C095A8}.Debug|Any CPU.Build.0 = Debug|Any CPU
		{7B8C272B-1D06-4079-B8F7-E06331C095A8}.Release|Any CPU.ActiveCfg = Release|Any CPU
		{7B8C272B-1D06-4079-B8F7-E06331C095A8}.Release|Any CPU.Build.0 = Release|Any CPU
		{E3959814-C50A-485F-8B33-55FF70A667CF}.Debug|Any CPU.ActiveCfg = Debug|Any CPU
		{E3959814-C50A-485F-8B33-55FF70A667CF}.Debug|Any CPU.Build.0 = Debug|Any CPU
		{E3959814-C50A-485F-8B33-55FF70A667CF}.Debug|Any CPU.Deploy.0 = Debug|Any CPU
		{E3959814-C50A-485F-8B33-55FF70A667CF}.Release|Any CPU.ActiveCfg = Release|Any CPU
		{E3959814-C50A-485F-8B33-55FF70A667CF}.Release|Any CPU.Build.0 = Release|Any CPU
		{E3959814-C50A-485F-8B33-55FF70A667CF}.Release|Any CPU.Deploy.0 = Release|Any CPU
	EndGlobalSection
	GlobalSection(SolutionProperties) = preSolution
		HideSolutionNode = FALSE
	EndGlobalSection
	GlobalSection(ExtensibilityGlobals) = postSolution
		SolutionGuid = {E250DED7-4743-4F1B-B359-D92AC99A82AF}
	EndGlobalSection
EndGlobal
